lockfileVersion: '9.0'

settings:
  autoInstallPeers: true
  excludeLinksFromLockfile: false

importers:
  .:
    devDependencies:
      '@feature-sliced/steiger-plugin':
        specifier: ^0.5.7
        version: 0.5.8
      steiger:
        specifier: ^0.5.11
        version: 0.5.13

packages:
  '@babel/code-frame@7.29.7':
    resolution:
      {
        integrity: sha512-Aup7aUOfpbAUg2ROOJN6Iw5f9DMBlzu0mIkm/malLQFN/YQgO48wCj0Kxa3sEHJvPVFg7siR+qRInwXd2qhQKw==,
      }
    engines: { node: '>=6.9.0' }

  '@babel/helper-string-parser@7.29.7':
    resolution:
      {
        integrity: sha512-Pb5ijPrZ89GDH8223L4UP8i6QApWxs04RbPQJTeWDV0/keR2E36MeKnyr6LYmUUvqRRI+Iv87SuF1W6ErINzYw==,
      }
    engines: { node: '>=6.9.0' }

  '@babel/helper-validator-identifier@7.29.7':
    resolution:
      {
        integrity: sha512-qehxGkRj55h/ff8EMaJ+cYhyaKlHIxqYDn682wQD7RNp9UujOQsHog2uS0r2vzr4pW+sXf90NeeayjcNaX3fFg==,
      }
    engines: { node: '>=6.9.0' }

  '@babel/parser@7.29.7':
    resolution:
      {
        integrity: sha512-hnORnjP/1P/zFEndoeX+n+t1RwWRJiJpM/jO7FW32Kn9r5+sJB2JWOdYo4L6k78j15eCwY3Gm/7364B1EMwtNg==,
      }
    engines: { node: '>=6.0.0' }
    hasBin: true

  '@babel/types@7.29.7':
    resolution:
      {
        integrity: sha512-4zBIxpPzowiZpusoFkyGVwakdRJUyuH5PxQ/PrqghfdFWWasvnCdPfQXHrenDai+gyLARulZjZowCOj6fjT4pA==,
      }
    engines: { node: '>=6.9.0' }

  '@clack/core@0.4.1':
    resolution:
      {
        integrity: sha512-Pxhij4UXg8KSr7rPek6Zowm+5M22rbd2g1nfojHJkxp5YkFqiZ2+YLEM/XGVIzvGOcM0nqjIFxrpDwWRZYWYjA==,
      }

  '@clack/prompts@0.9.1':
    resolution:
      {
        integrity: sha512-JIpyaboYZeWYlyP0H+OoPPxd6nqueG/CmN6ixBiNFsIDHREevjIf0n0Ohh5gr5C8pEDknzgvz+pIJ8dMhzWIeg==,
      }

  '@dependents/detective-less@5.0.3':
    resolution:
      {
        integrity: sha512-v6oD9Ukp+N7V4n6p5I/+mM5fIohSfkrDSGlFm5w/pYmchvbk+sMIHsLxrFJ5Lnujewj1BzWL0K84d88lwZAMQA==,
      }
    engines: { node: '>=18' }

  '@feature-sliced/filesystem@3.1.0':
    resolution:
      {
        integrity: sha512-kdNcVwJMCiORdi2Aog7epDeQMEREFUvdqqQHmE7D3ZjSdsQzZWMH6Ex7gtGAttTT/oRBFysqCtP5pl0CETEc9Q==,
      }

  '@feature-sliced/steiger-plugin@0.5.8':
    resolution:
      {
        integrity: sha512-SXn2PQS0yVRzhltSM968hz0hWmNj93l7dNU4Qqry3OgSkvrO4kl1/daWYwRYzmm9sImsAUsTztabwLUbF9U9YA==,
      }

  '@feature-sliced/steiger-plugin@0.6.0':
    resolution:
      {
        integrity: sha512-TO7DbHYcldgyasVK5iwoou+J0rJonDgH18B+IBQqXedeB2/MURpkbUw9PFPV84pysG5C3uvIDhk+lLMW2MgQ4Q==,
      }

  '@jridgewell/sourcemap-codec@1.5.5':
    resolution:
      {
        integrity: sha512-cYQ9310grqxueWbl+WuIUIaiUaDcj7WOq5fVhEljNVgRfOUhY9fy2zTvfoqWsnebh8Sl70VScFbICvJnLKB0Og==,
      }

  '@nodelib/fs.scandir@2.1.5':
    resolution:
      {
        integrity: sha512-vq24Bq3ym5HEQm2NKCr3yXDwjc7vTsEThRDnkp2DK9p1uqLR+DHurm/NOTo0KG7HYHU7eppKZj3MyqYuMBf62g==,
      }
    engines: { node: '>= 8' }

  '@nodelib/fs.stat@2.0.5':
    resolution:
      {
        integrity: sha512-RkhPPp2zrqDAQA/2jNhnztcPAlv64XdhIp7a7454A5ovI7Bukxgt7MX7udwAu3zg1DcpPU0rz3VV1SeaqvY4+A==,
      }
    engines: { node: '>= 8' }

  '@nodelib/fs.walk@1.2.8':
    resolution:
      {
        integrity: sha512-oGB+UxlgWcgQkgwo8GcEGwemoTFt3FIO9ababBmaGwXIoBKZ+GTy0pP185beGg7Llih/NSHSV2XAs1lnznocSg==,
      }
    engines: { node: '>= 8' }

  '@sindresorhus/merge-streams@2.3.0':
    resolution:
      {
        integrity: sha512-LtoMMhxAlorcGhmFYI+LhPgbPZCkgP6ra1YL604EeF6U98pLlQ3iWIGMdWSC+vWmPBWBNgmDBAhnAobLROJmwg==,
      }
    engines: { node: '>=18' }

  '@typescript-eslint/project-service@8.62.0':
    resolution:
      {
        integrity: sha512-wexnCqiTg7BOGtbLDftYpRWlmLq4xfoMd7BKFR6Y75sZS3QmRKLdN3yWLhmIYgqMmP/OXWpj3H8odkb5nGURCQ==,
      }
    engines: { node: ^18.18.0 || ^20.9.0 || >=21.1.0 }
    peerDependencies:
      typescript: '>=4.8.4 <6.1.0'

  '@typescript-eslint/tsconfig-utils@8.62.0':
    resolution:
      {
        integrity: sha512-y2GAdB6ykaXUvuspbYnizQc4oDDz0Tz/Yc7iWrXf9mx8vm/L/0vLHCe0tS2boG96Zy+DivnVDQ9ZUEWoHqqx1g==,
      }
    engines: { node: ^18.18.0 || ^20.9.0 || >=21.1.0 }
    peerDependencies:
      typescript: '>=4.8.4 <6.1.0'

  '@typescript-eslint/types@8.62.0':
    resolution:
      {
        integrity: sha512-KvAclkktORPvM54TgLgA4z9HIV1M8zOgw9ZVNXl9f/8dLYfXYX1wkMXP7qmabpijQRV5bHJLOmoyGQbLMaUYeg==,
      }
    engines: { node: ^18.18.0 || ^20.9.0 || >=21.1.0 }

  '@typescript-eslint/typescript-estree@8.62.0':
    resolution:
      {
        integrity: sha512-+hVbNxtW64pIcZWDPGbyaKF7vp2IBTVY5ma1blwwksrjdsbdqqEKvJWMGbBofei4F6Dovx1M0RJgoFeNu2279A==,
      }
    engines: { node: ^18.18.0 || ^20.9.0 || >=21.1.0 }
    peerDependencies:
      typescript: '>=4.8.4 <6.1.0'

  '@typescript-eslint/visitor-keys@8.62.0':
    resolution:
      {
        integrity: sha512-CY3uyFSRbcQv3nnSv8S0+lDftMVz6P963PoRlxrV7ew/Md564g9ut60PYzdLM5qW4jFn93GBF+Soi90ISAN+GQ==,
      }
    engines: { node: ^18.18.0 || ^20.9.0 || >=21.1.0 }

  '@vue/compiler-core@3.5.39':
    resolution:
      {
        integrity: sha512-16KBTEXAJCpDr0mwlw+AZyhu8iyC7R3S2vBwsI7QnWJU6X3WKc9VKeNEZpiMdZ569qWhz9574L3vV55qRL0Vtw==,
      }

  '@vue/compiler-dom@3.5.39':
    resolution:
      {
        integrity: sha512-oQPigALqYbNxTNPvNgSOe+czwVExfbVF02lz8jP0S3AXJiu3jxYDygNUiqSep4ezzW8XgnubqH63My2A7JR/vg==,
      }

  '@vue/compiler-sfc@3.5.39':
    resolution:
      {
        integrity: sha512-d0ki86iOyN8LoZPBmk5SJWNwHP19CnDDCfuo//+2WJa2g5Ke0Jay983PIBIcSSzldC68I8DrD5GrHV3OSDfodg==,
      }

  '@vue/compiler-ssr@3.5.39':
    resolution:
      {
        integrity: sha512-Ce7/wvwMHai74bdszfXExdazFigYnlF9zgCmEQUcM1j0fOymlouZ7XilTYNo8oUjhlnjYOZbGrcYKuqjz89Ucw==,
      }

  '@vue/shared@3.5.39':
    resolution:
      {
        integrity: sha512-l1rrBtBfTnmxvtsvdQDXltUUy8S1Y+ZaqdfUzmAnJkTd8Z8rv5v/ytW+TKiqEOWyHPoqtPlNFSs0lhRmYVSHVA==,
      }

  ansi-regex@5.0.1:
    resolution:
      {
        integrity: sha512-quJQXlTSUGL2LH9SUXo8VwsY4soanhgo6LNSm84E1LBcE8s3O0wpdiRzyR9z/ZZJMlMWv37qOOb9pdJlMUEKFQ==,
      }
    engines: { node: '>=8' }

  ansi-styles@4.3.0:
    resolution:
      {
        integrity: sha512-zbB9rCJAT1rbjiVDb2hqKFHNYLxgtk8NURxZ3IZwD3F6NtxbXZQCnnSi1Lkx+IDohdPlFp222wVALIheZJQSEg==,
      }
    engines: { node: '>=8' }

  argparse@2.0.1:
    resolution:
      {
        integrity: sha512-8+9WqebbFzpX9OR+Wa6O29asIogeRMzcGtAINdpMHHyAg10f05aSFVBbcEqGf/PXw1EjAZ+q2/bEBg3DvurK3Q==,
      }

  ast-module-types@6.0.2:
    resolution:
      {
        integrity: sha512-6KuK/7nZ/2Qh7sGuVEiwxjCxzTY2Pdb5mTo5z1e6/J8BA0tvjR7G8vQJKrQMTqwmnA3UPEyKIFX4YUS1DO1Hvw==,
      }
    engines: { node: '>=18' }

  balanced-match@4.0.4:
    resolution:
      {
        integrity: sha512-BLrgEcRTwX2o6gGxGOCNyMvGSp35YofuYzw9h1IMTRmKqttAZZVU67bdb9Pr2vUHA8+j3i2tJfjO6C6+4myGTA==,
      }
    engines: { node: 18 || 20 || >=22 }

  brace-expansion@5.0.6:
    resolution:
      {
        integrity: sha512-kLpxurY4Z4r9sgMsyG0Z9uzsBlgiU/EFKhj/h91/8yHu0edo7XuixOIH3VcJ8kkxs6/jPzoI6U9Vj3WqbMQ94g==,
      }
    engines: { node: 18 || 20 || >=22 }

  braces@3.0.3:
    resolution:
      {
        integrity: sha512-yQbXgO/OSZVD2IsiLlro+7Hf6Q18EJrKSEsdoMzKePKXct3gvD8oLcOQdIzGupr5Fj+EDe8gO/lxc1BzfMpxvA==,
      }
    engines: { node: '>=8' }

  callsites@3.1.0:
    resolution:
      {
        integrity: sha512-P8BjAsXvZS+VIDUI11hHCQEv74YT67YUi5JJFNWIqL235sBmjX4+qx9Muvls5ivyNENctx46xQLQ3aTuE7ssaQ==,
      }
    engines: { node: '>=6' }

  chokidar@4.0.3:
    resolution:
      {
        integrity: sha512-Qgzu8kfBvo+cA4962jnP1KkS6Dop5NS6g7R5LFYJr4b8Ub94PPQXUksCw9PvXoeXPRRddRNC5C1JQUR2SMGtnA==,
      }
    engines: { node: '>= 14.16.0' }

  cliui@8.0.1:
    resolution:
      {
        integrity: sha512-BSeNnyus75C4//NQ9gQt1/csTXyo/8Sb+afLAkzAptFuMsod9HFokGNudZpi/oQV73hnVK+sR+5PVRMd+Dr7YQ==,
      }
    engines: { node: '>=12' }

  color-convert@2.0.1:
    resolution:
      {
        integrity: sha512-RRECPsj7iu/xb5oKYcsFHSppFNnsj/52OVTRKb4zP5onXwVF3zVmmToNcOfGC+CRDpfK/U584fMg38ZHCaElKQ==,
      }
    engines: { node: '>=7.0.0' }

  color-name@1.1.4:
    resolution:
      {
        integrity: sha512-dOy+3AuW3a2wNbZHIuMZpTcgjGuLU/uBL/ubcZF9OXbDo8ff4O8yVp5Bf0efS8uEoYo5q4Fx7dY9OgQGXgAsQA==,
      }

  commander@12.1.0:
    resolution:
      {
        integrity: sha512-Vw8qHK3bZM9y/P10u3Vib8o/DdkvA2OtPtZvD871QKjy74Wj1WSKFILMPRPSdUSx5RFK1arlJzEtA4PkFgnbuA==,
      }
    engines: { node: '>=18' }

  cosmiconfig@9.0.2:
    resolution:
      {
        integrity: sha512-gtTZxTDau1wL7Y7zifc2dd8jHSK/k6BTx/2Xp/BpdlAdnlYWFVt7qhJqgwi7637yRwRQ3qL4ZidbB4I8tA5VOg==,
      }
    engines: { node: '>=14' }
    peerDependencies:
      typescript: '>=4.9.5'
    peerDependenciesMeta:
      typescript:
        optional: true

  debug@4.4.3:
    resolution:
      {
        integrity: sha512-RGwwWnwQvkVfavKVt22FGLw+xYSdzARwm0ru6DhTVA3umU5hZc28V3kO4stgYryrTlLpuvgI9GiijltAjNbcqA==,
      }
    engines: { node: '>=6.0' }
    peerDependencies:
      supports-color: '*'
    peerDependenciesMeta:
      supports-color:
        optional: true

  detective-amd@6.1.0:
    resolution:
      {
        integrity: sha512-fmI6LGMvotqd49QaA3ZYw+q0aGp2yXmMjzIuY6fH9j9YFIXY/73yDhMwhX9cPbhWd+AH06NH1Di/LKOuCH0Ubg==,
      }
    engines: { node: '>=18' }
    hasBin: true

  detective-cjs@6.1.1:
    resolution:
      {
        integrity: sha512-pSh7mkCKEtLlmANqLu3KDFS3NV8Hx41jy/JF1/gAWOgU+Uo5QTkeI1tWNP4dWGo4L0E9j18Ez9EPsTleautKqA==,
      }
    engines: { node: '>=18' }

  detective-es6@5.0.2:
    resolution:
      {
        integrity: sha512-+qHHGYhjupiVs4rnIpI9nZ5B130A4AmE35ZX1w33hb46vcZ7T3jfDbvmPw0FhWtMHn5BS5HHu7ZtnZ53bMcXZA==,
      }
    engines: { node: '>=18' }

  detective-postcss@8.0.4:
    resolution:
      {
        integrity: sha512-DZ7M/hWPZyr17ZUdoQ+TVXaPj70mYr4XXrAE+GeJbca44haCvZgb191L/jLJmFYewhxRJuBd4lUtNSu986TXag==,
      }
    engines: { node: '>=18' }
    peerDependencies:
      postcss: ^8.4.47

  detective-sass@6.0.2:
    resolution:
      {
        integrity: sha512-i3xpXHDKS0qI2aFW4asQ7fqlPK00ndOVZELvQapFJCaF0VxYmsNWtd0AmvXbTLMk7bfO5VdIeorhY9KfmHVoVA==,
      }
    engines: { node: '>=18' }

  detective-scss@5.0.2:
    resolution:
      {
        integrity: sha512-9JOEMZ8pDh3ShXmftq7hoQqqJsClaGgxo1hghfCeFlmKf5TC/Twtwb0PAaK8dXwpg9Z0uCmEYSrCxO+kel2eEg==,
      }
    engines: { node: '>=18' }

  detective-stylus@5.0.1:
    resolution:
      {
        integrity: sha512-Dgn0bUqdGbE3oZJ+WCKf8Dmu7VWLcmRJGc6RCzBgG31DLIyai9WAoEhYRgIHpt/BCRMrnXLbGWGPQuBUrnF0TA==,
      }
    engines: { node: '>=18' }

  detective-typescript@14.1.2:
    resolution:
      {
        integrity: sha512-bIeEn0eVi/JRsE1YizBR2ilnMlWRAIBJJ6kXCKNFxEEWhUcEY3R6I3KYIAy48ieURbD1hcb3Ebvl8AqeoPMSzg==,
      }
    engines: { node: '>=18' }
    peerDependencies:
      typescript: ^5.4.4 || ^6.0.2

  detective-vue2@2.3.0:
    resolution:
      {
        integrity: sha512-3gwbZPqVTm9sL9XdZsgEJ7x4x99O853VVZHapQAiEkGuMJMpFPjHDrecSgfqnS5JW3FJfYXesLZGvUOibjn49g==,
      }
    engines: { node: '>=18' }
    peerDependencies:
      typescript: ^5.4.4 || ^6.0.2

  effector@23.4.4:
    resolution:
      {
        integrity: sha512-QkZboRN28K/iwxigDhlJcI3ux3aNbt8kYGGH/GkqWG0OlGeyuBhb7PdM89Iu+ogV8Lmz16xIlwnXR2UNWI6psg==,
      }
    engines: { node: '>=11.0.0' }

  emoji-regex@8.0.0:
    resolution:
      {
        integrity: sha512-MSjYzcWNOA0ewAHpz0MxpYFvwg6yjy1NG3xteoqz644VCo/RPgnr1/GGt+ic3iJTzQ8Eu3TdM14SawnVUmGE6A==,
      }

  empathic@1.1.0:
    resolution:
      {
        integrity: sha512-rsPft6CK3eHtrlp9Y5ALBb+hfK+DWnA4WFebbazxjWyx8vSm3rZeoM3z9irsjcqO3PYRzlfv27XIB4tz2DV7RA==,
      }
    engines: { node: '>=14' }

  entities@7.0.1:
    resolution:
      {
        integrity: sha512-TWrgLOFUQTH994YUyl1yT4uyavY5nNB5muff+RtWaqNVCAK408b5ZnnbNAUEWLTCpum9w6arT70i1XdQ4UeOPA==,
      }
    engines: { node: '>=0.12' }

  env-paths@2.2.1:
    resolution:
      {
        integrity: sha512-+h1lkLKhZMTYjog1VEpJNG7NZJWcuc2DDk/qsqSTRRCOXiLjeQ1d1/udrUGhqMxUgAlwKNZ0cf2uqan5GLuS2A==,
      }
    engines: { node: '>=6' }

  error-ex@1.3.4:
    resolution:
      {
        integrity: sha512-sqQamAnR14VgCr1A618A3sGrygcpK+HEbenA/HiEAkkUwcZIIB/tgWqHFxWgOyDh4nB4JCRimh79dR5Ywc9MDQ==,
      }

  escalade@3.2.0:
    resolution:
      {
        integrity: sha512-WUj2qlxaQtO4g6Pq5c29GTcWGDyd8itL8zTlipgECz3JesAiiOKotd8JU6otB3PACgG6xkJUyVhboMS+bje/jA==,
      }
    engines: { node: '>=6' }

  escodegen@2.1.0:
    resolution:
      {
        integrity: sha512-2NlIDTwUWJN0mRPQOdtQBzbUHvdGY2P1VXSyU83Q3xKxM7WHX2Ql8dKq782Q9TgQUNOLEzEYu9bzLNj1q88I5w==,
      }
    engines: { node: '>=6.0' }
    hasBin: true

  eslint-visitor-keys@5.0.1:
    resolution:
      {
        integrity: sha512-tD40eHxA35h0PEIZNeIjkHoDR4YjjJp34biM0mDvplBe//mB+IHCqHDGV7pxF+7MklTvighcCPPZC7ynWyjdTA==,
      }
    engines: { node: ^20.19.0 || ^22.13.0 || >=24 }

  esprima@4.0.1:
    resolution:
      {
        integrity: sha512-eGuFFw7Upda+g4p+QHvnW0RyTX/SVeJBDM/gCtMARO0cLuT2HcEKnTPvhjV6aGeqrCB/sbNop0Kszm0jsaWU4A==,
      }
    engines: { node: '>=4' }
    hasBin: true

  estraverse@5.3.0:
    resolution:
      {
        integrity: sha512-MMdARuVEQziNTeJD8DgMqmhwR11BRQ/cBP+pLtYdSTnf3MIO8fFeiINEbX36ZdNlfU/7A9f3gUw49B3oQsvwBA==,
      }
    engines: { node: '>=4.0' }

  estree-walker@2.0.2:
    resolution:
      {
        integrity: sha512-Rfkk/Mp/DL7JVje3u18FxFujQlTNR2q6QfMSMB7AvCBx91NGj/ba3kCfza0f6dVDbw7YlRf/nDrn7pQrCCyQ/w==,
      }

  esutils@2.0.3:
    resolution:
      {
        integrity: sha512-kVscqXk4OCp68SZ0dkgEKVi6/8ij300KBWTJq32P/dYeWTSwK41WyTxalN1eRmA5Z9UU/LX9D7FWSmV9SAYx6g==,
      }
    engines: { node: '>=0.10.0' }

  fast-glob@3.3.3:
    resolution:
      {
        integrity: sha512-7MptL8U0cqcFdzIzwOTHoilX9x5BrNqye7Z/LuC7kCMRio1EMSyqRK3BEAUD7sXRq4iT4AzTVuZdhgQ2TCvYLg==,
      }
    engines: { node: '>=8.6.0' }

  fastest-levenshtein@1.0.16:
    resolution:
      {
        integrity: sha512-eRnCtTTtGZFpQCwhJiUOuxPQWRXVKYDn0b2PeHfXL6/Zi53SLAzAHfVhVWK2AryC/WH05kGfxhFIPvTF0SXQzg==,
      }
    engines: { node: '>= 4.9.1' }

  fastq@1.20.1:
    resolution:
      {
        integrity: sha512-GGToxJ/w1x32s/D2EKND7kTil4n8OVk/9mycTc4VDza13lOvpUZTGX3mFSCtV9ksdGBVzvsyAVLM6mHFThxXxw==,
      }

  fdir@6.5.0:
    resolution:
      {
        integrity: sha512-tIbYtZbucOs0BRGqPJkshJUYdL+SDH7dVM8gjy+ERp3WAUjLEFJE+02kanyHtwjWOnwrKYBiwAmM0p4kLJAnXg==,
      }
    engines: { node: '>=12.0.0' }
    peerDependencies:
      picomatch: ^3 || ^4
    peerDependenciesMeta:
      picomatch:
        optional: true

  fill-range@7.1.1:
    resolution:
      {
        integrity: sha512-YsGpe3WHLK8ZYi4tWDg2Jy3ebRz2rXowDxnld4bkQB00cc/1Zw9AWnC0i9ztDJitivtQvaI9KaLyKrc+hBW0yg==,
      }
    engines: { node: '>=8' }

  get-amd-module-type@6.0.2:
    resolution:
      {
        integrity: sha512-7zShVYAYtMnj9S65CfN+hvpBCByfuB1OY8xID01nZEzXTZbx4YyysAfi+nMl95JSR6odt4q8TCj2W63KAoyVLQ==,
      }
    engines: { node: '>=18' }

  get-caller-file@2.0.5:
    resolution:
      {
        integrity: sha512-DyFP3BM/3YHTQOCUL/w0OZHR0lpKeGrxotcHWcqNEdnltqFwXVfhEBQ94eIo34AfQpo0rGki4cyIiftY06h2Fg==,
      }
    engines: { node: 6.* || 8.* || >= 10.* }

  glob-parent@5.1.2:
    resolution:
      {
        integrity: sha512-AOIgSQCepiJYwP3ARnGx+5VnTu2HBYdzbGP45eLw1vr3zB3vZLeyed1sC9hnbcOc9/SrMyM5RPQrkGz4aS9Zow==,
      }
    engines: { node: '>= 6' }

  globby@14.1.0:
    resolution:
      {
        integrity: sha512-0Ia46fDOaT7k4og1PDW4YbodWWr3scS2vAr2lTbsplOt2WkKp0vQbkI9wKis/T5LV/dqPjO3bpS/z6GTJB82LA==,
      }
    engines: { node: '>=18' }

  gonzales-pe@4.3.0:
    resolution:
      {
        integrity: sha512-otgSPpUmdWJ43VXyiNgEYE4luzHCL2pz4wQ0OnDluC6Eg4Ko3Vexy/SrSynglw/eR+OhkzmqFCZa/OFa/RgAOQ==,
      }
    engines: { node: '>=0.6.0' }
    hasBin: true

  ignore@7.0.5:
    resolution:
      {
        integrity: sha512-Hs59xBNfUIunMFgWAbGX5cq6893IbWg4KnrjbYwX3tx0ztorVgTDA6B2sxf8ejHJ4wz8BqGUMYlnzNBer5NvGg==,
      }
    engines: { node: '>= 4' }

  immer@10.2.0:
    resolution:
      {
        integrity: sha512-d/+XTN3zfODyjr89gM3mPq1WNX2B8pYsu7eORitdwyA2sBubnTl3laYlBk4sXY5FUa5qTZGBDPJICVbvqzjlbw==,
      }

  import-fresh@3.3.1:
    resolution:
      {
        integrity: sha512-TR3KfrTZTYLPB6jUjfx6MF9WcWrHL9su5TObK4ZkYgBdWKPOFoSoQIdEuTuR82pmtxH2spWG9h6etwfr1pLBqQ==,
      }
    engines: { node: '>=6' }

  is-arrayish@0.2.1:
    resolution:
      {
        integrity: sha512-zz06S8t0ozoDXMG+ube26zeCTNXcKIPJZJi8hBrF4idCLms4CG9QtK7qBl1boi5ODzFpjswb5JPmHCbMpjaYzg==,
      }

  is-extglob@2.1.1:
    resolution:
      {
        integrity: sha512-SbKbANkN603Vi4jEZv49LeVJMn4yGwsbzZworEoyEiutsN3nJYdbO36zfhGJ6QEDpOZIFkDtnq5JRxmvl3jsoQ==,
      }
    engines: { node: '>=0.10.0' }

  is-fullwidth-code-point@3.0.0:
    resolution:
      {
        integrity: sha512-zymm5+u+sCsSWyD9qNaejV3DFvhCKclKdizYaJUuHA83RLjb7nSuGnddCHGv0hk+KY7BMAlsWeK4Ueg6EV6XQg==,
      }
    engines: { node: '>=8' }

  is-glob@4.0.3:
    resolution:
      {
        integrity: sha512-xelSayHH36ZgE7ZWhli7pW34hNbNl8Ojv5KVmkJD4hBdD3th8Tfk9vYasLM+mXWOZhFkgZfxhLSnrwRr4elSSg==,
      }
    engines: { node: '>=0.10.0' }

  is-number@7.0.0:
    resolution:
      {
        integrity: sha512-41Cifkg6e8TylSpdtTpeLVMqvSBEVzTttHvERD741+pnZ8ANv0004MRL43QKPDlK9cGvNp6NZWZUBlbGXYxxng==,
      }
    engines: { node: '>=0.12.0' }

  is-url-superb@4.0.0:
    resolution:
      {
        integrity: sha512-GI+WjezhPPcbM+tqE9LnmsY5qqjwHzTvjJ36wxYX5ujNXefSUJ/T17r5bqDV8yLhcgB59KTPNOc9O9cmHTPWsA==,
      }
    engines: { node: '>=10' }

  js-tokens@4.0.0:
    resolution:
      {
        integrity: sha512-RdJUflcE3cUzKiMqQgsCu06FPu9UdIJO0beYbPhHN4k6apgJtifcoCtT9bcxOpYBtpD2kCM6Sbzg4CausW/PKQ==,
      }

  js-yaml@4.3.0:
    resolution:
      {
        integrity: sha512-1td788aAnnZ5qs7V2QIRl1owjtYpbKt749Y3xauqQgwIIGF/xXWz1wMTEBx5O3LK3lXLVuqXPdPxj2BoFHaW9Q==,
      }
    hasBin: true

  json-parse-even-better-errors@2.3.1:
    resolution:
      {
        integrity: sha512-xyFwyhro/JEof6Ghe2iz2NcXoj2sloNsWr/XsERDK/oiPCfaNhl5ONfp+jQdAZRQQ0IJWNzH9zIZF7li91kh2w==,
      }

  lines-and-columns@1.2.4:
    resolution:
      {
        integrity: sha512-7ylylesZQ/PV29jhEDl3Ufjo6ZX7gCqJr5F7PKrqc93v7fzSymt1BpwEU8nAUXs8qzzvqhbjhK5QZg6Mt/HkBg==,
      }

  lodash-es@4.18.1:
    resolution:
      {
        integrity: sha512-J8xewKD/Gk22OZbhpOVSwcs60zhd95ESDwezOFuA3/099925PdHJ7OFHNTGtajL3AlZkykD32HykiMo+BIBI8A==,
      }

  magic-string@0.30.21:
    resolution:
      {
        integrity: sha512-vd2F4YUyEXKGcLHoq+TEyCjxueSeHnFxyyjNp80yg0XV4vUhnDer/lvvlqM/arB5bXQN5K2/3oinyCRyx8T2CQ==,
      }

  merge2@1.4.1:
    resolution:
      {
        integrity: sha512-8q7VEgMJW4J8tcfVPy8g09NcQwZdbwFEqhe/WZkoIzjn/3TGDwtOCYtXGxA3O8tPzpczCCDgv+P2P5y00ZJOOg==,
      }
    engines: { node: '>= 8' }

  micromatch@4.0.8:
    resolution:
      {
        integrity: sha512-PXwfBhYu0hBCPw8Dn0E+WDYb7af3dSLVWKi3HGv84IdF4TyFoC0ysxFd0Goxw7nSv4T/PzEJQxsYsEiFCKo2BA==,
      }
    engines: { node: '>=8.6' }

  minimatch@10.2.5:
    resolution:
      {
        integrity: sha512-MULkVLfKGYDFYejP07QOurDLLQpcjk7Fw+7jXS2R2czRQzR56yHRveU5NDJEOviH+hETZKSkIk5c+T23GjFUMg==,
      }
    engines: { node: 18 || 20 || >=22 }

  minimist@1.2.8:
    resolution:
      {
        integrity: sha512-2yyAR8qBkN3YuheJanUpWC5U3bb5osDywNB8RzDVlDwDHbocAJveqqj1u8+SVD7jkWT4yvsHCpWqqWqAxb0zCA==,
      }

  module-definition@6.0.2:
    resolution:
      {
        integrity: sha512-SvAU3lB0+Yjbq55yHY3wkRZBOh+fhU1SnIF3IFbTewv6mtAh7yUT8ACHAJ2mGIJ7tCes2QuCL/cl6m0JSZ/ArA==,
      }
    engines: { node: '>=18' }
    hasBin: true

  ms@2.1.3:
    resolution:
      {
        integrity: sha512-6FlzubTLZG3J2a/NVCAleEhjzq5oxgHyaCU9yYXvcLsvoVaHJq/s5xXI6/XXP6tz7R9xAOtHnSO/tXtF3WRTlA==,
      }

  nanoid@3.3.15:
    resolution:
      {
        integrity: sha512-y7Wygv/7mEOvxTuEQDB8StXdMRBWf1kR/tlhAzBRUFkB2jfcLOAxO/SHmOO2zgz1pVgK29/kyupn059/bCHdjA==,
      }
    engines: { node: ^10 || ^12 || ^13.7 || ^14 || >=15.0.1 }
    hasBin: true

  node-source-walk@7.0.2:
    resolution:
      {
        integrity: sha512-71kFFjYaSshDTA8/a2HiTYPLdASWjLJxUyJxGE+ffxU+KhxSBtM9kiLUX+R2yooFdSFKMFpi4n3PFtDy6qXv8A==,
      }
    engines: { node: '>=18' }

  parent-module@1.0.1:
    resolution:
      {
        integrity: sha512-GQ2EWRpQV8/o+Aw8YqtfZZPfNRWZYkbidE9k5rpl/hC3vtHHBfGm2Ifi6qWV+coDGkrUKZAxE3Lot5kcsRlh+g==,
      }
    engines: { node: '>=6' }

  parse-json@5.2.0:
    resolution:
      {
        integrity: sha512-ayCKvm/phCGxOkYRSCM82iDwct8/EonSEgCSxWxD7ve6jHggsFl4fZVQBPRNgQoKiuV/odhFrGzQXZwbifC8Rg==,
      }
    engines: { node: '>=8' }

  path-type@6.0.0:
    resolution:
      {
        integrity: sha512-Vj7sf++t5pBD637NSfkxpHSMfWaeig5+DKWLhcqIYx6mWQz5hdJTGDVMQiJcw1ZYkhs7AazKDGpRVji1LJCZUQ==,
      }
    engines: { node: '>=18' }

  patronum@2.3.0:
    resolution:
      {
        integrity: sha512-BfKIOpoymVz6XnkOn8Fi5QZ1a3r/3lXdd8BcdHmYDbIXPTIRnD1EPFBFev/DheWnOge6/ZswEqgNF2ANLGOxLw==,
      }
    peerDependencies:
      effector: ^23

  picocolors@1.1.1:
    resolution:
      {
        integrity: sha512-xceH2snhtb5M9liqDsmEw56le376mTZkEX/jEb/RxNFyegNul7eNslCXP9FDj/Lcu0X8KEyMceP2ntpaHrDEVA==,
      }

  picomatch@2.3.2:
    resolution:
      {
        integrity: sha512-V7+vQEJ06Z+c5tSye8S+nHUfI51xoXIXjHQ99cQtKUkQqqO1kO/KCJUfZXuB47h/YBlDhah2H3hdUGXn8ie0oA==,
      }
    engines: { node: '>=8.6' }

  picomatch@4.0.4:
    resolution:
      {
        integrity: sha512-QP88BAKvMam/3NxH6vj2o21R6MjxZUAd6nlwAS/pnGvN9IVLocLHxGYIzFhg6fUQ+5th6P4dv4eW9jX3DSIj7A==,
      }
    engines: { node: '>=12' }

  pluralize@8.0.0:
    resolution:
      {
        integrity: sha512-Nc3IT5yHzflTfbjgqWcCPpo7DaKy4FnpB0l/zCAW0Tc7jxAiuqSxHasntB3D7887LSrA93kDJ9IXovxJYxyLCA==,
      }
    engines: { node: '>=4' }

  postcss-values-parser@6.0.2:
    resolution:
      {
        integrity: sha512-YLJpK0N1brcNJrs9WatuJFtHaV9q5aAOj+S4DI5S7jgHlRfm0PIbDCAFRYMQD5SHq7Fy6xsDhyutgS0QOAs0qw==,
      }
    engines: { node: '>=10' }
    peerDependencies:
      postcss: ^8.2.9

  postcss@8.5.16:
    resolution:
      {
        integrity: sha512-vuwillviilfKZsg0VGj5R/YwwcHx4SLsIOI/7K6mQkWx+l5cUHTjj5g0AasTBcyXsbfTgrwsUNmVUb5xVwyPwg==,
      }
    engines: { node: ^10 || ^12 || >=14 }

  precinct@12.3.2:
    resolution:
      {
        integrity: sha512-JbJevI1K80z8e/WIyDt/4vUN/4qcfBSKKqOjJA4mosPPPb7zODKRJQV7YN7apVWN3k58nZYm/vEsLgEGYmnxwg==,
      }
    engines: { node: '>=18' }
    hasBin: true

  prexit@2.3.0:
    resolution:
      {
        integrity: sha512-mX+LIbtS0anKtl2PykYabxninwloblUQMRO6CubeSmjxb+kKlATuJoH9UeN8NLE4TgIEFWfBXw7V3GkWbBrSmg==,
      }
    engines: { node: '>=12' }

  queue-microtask@1.2.3:
    resolution:
      {
        integrity: sha512-NuaNSa6flKT5JaSYQzJok04JzTL1CA6aGhv5rfLW3PgqA+M2ChpZQnAC8h8i4ZFkBS8X5RqkDBHA7r4hej3K9A==,
      }

  quote-unquote@1.0.0:
    resolution:
      {
        integrity: sha512-twwRO/ilhlG/FIgYeKGFqyHhoEhqgnKVkcmqMKi2r524gz3ZbDTcyFt38E9xjJI2vT+KbRNHVbnJ/e0I25Azwg==,
      }

  readdirp@4.1.2:
    resolution:
      {
        integrity: sha512-GDhwkLfywWL2s6vEjyhri+eXmfH6j1L7JE27WhqLeYzoh/A3DBaYGEj2H/HFZCn/kMfim73FXxEJTw06WtxQwg==,
      }
    engines: { node: '>= 14.18.0' }

  require-directory@2.1.1:
    resolution:
      {
        integrity: sha512-fGxEI7+wsG9xrvdjsrlmL22OMTTiHRwAMroiEeMgq8gzoLC/PQr7RsRDSTLUg/bZAZtF+TVIkHc6/4RIKrui+Q==,
      }
    engines: { node: '>=0.10.0' }

  resolve-from@4.0.0:
    resolution:
      {
        integrity: sha512-pb/MYmXstAkysRFx8piNI1tGFNQIFA3vkE3Gq4EuA1dF6gHp/+vgZqsCGJapvy8N3Q+4o7FwvquPJcnZ7RYy4g==,
      }
    engines: { node: '>=4' }

  reusify@1.1.0:
    resolution:
      {
        integrity: sha512-g6QUff04oZpHs0eG5p83rFLhHeV00ug/Yf9nZM6fLeUrPguBTkTQOdpAWWspMh55TZfVQDPaN3NQJfbVRAxdIw==,
      }
    engines: { iojs: '>=1.0.0', node: '>=0.10.0' }

  run-parallel@1.2.0:
    resolution:
      {
        integrity: sha512-5l4VyZR86LZ/lDxZTR6jqL8AFE2S0IFLMP26AbjsLVADxHdhB/c0GUsH+y39UfCi3dzz8OlQuPmnaJOMoDHQBA==,
      }

  semver@7.8.5:
    resolution:
      {
        integrity: sha512-Y7/KDsb8LjooZpwaqGyulO6DQlksgCncchHGk+sZIY4SBvUocMBEFH5Ur1fI4dV+Jvl0w6cjvucaIi40puRioA==,
      }
    engines: { node: '>=10' }
    hasBin: true

  sisteransi@1.0.5:
    resolution:
      {
        integrity: sha512-bLGGlR1QxBcynn2d5YmDX4MGjlZvy2MRBDRNHLJ8VI6l6+9FUiyTFNJ0IveOSP0bcXgVDPRcfGqA0pjaqUpfVg==,
      }

  slash@5.1.0:
    resolution:
      {
        integrity: sha512-ZA6oR3T/pEyuqwMgAKT0/hAv8oAXckzbkmR0UkUosQ+Mc4RxGoJkRmwHgHufaenlyAgE1Mxgpdcrf75y6XcnDg==,
      }
    engines: { node: '>=14.16' }

  source-map-js@1.2.1:
    resolution:
      {
        integrity: sha512-UXWMKhLOwVKb728IUtQPXxfYU+usdybtUrK/8uGE8CQMvrhOpwvzDBwj0QhSL7MQc7vIsISBG8VQ8+IDQxpfQA==,
      }
    engines: { node: '>=0.10.0' }

  source-map@0.6.1:
    resolution:
      {
        integrity: sha512-UjgapumWlbMhkBgzT7Ykc5YXUT46F0iKu8SGXq0bcwP5dz/h0Plj6enJqjz1Zbq2l5WaqYnrVbwWOWMyF3F47g==,
      }
    engines: { node: '>=0.10.0' }

  steiger@0.5.13:
    resolution:
      {
        integrity: sha512-Vbgb9tMmxo3wf1jXvn+px3hDEOELdYJdWji6DT++zFcWwVHgjY22DjxYbCjq+dtEE6BWYSyv6OhwbPZPy8ovQQ==,
      }
    hasBin: true

  string-width@4.2.3:
    resolution:
      {
        integrity: sha512-wKyQRQpjJ0sIp62ErSZdGsjMJWsap5oRNihHhu6G7JVO/9jIB6UyevL+tXuOqrng8j/cxKTWyWUwvSTriiZz/g==,
      }
    engines: { node: '>=8' }

  strip-ansi@6.0.1:
    resolution:
      {
        integrity: sha512-Y38VPSHcqkFrCpFnQ9vuSXmquuv5oXOKpGeT6aGrr3o3Gc9AlVa6JBfUSOCnbxGGZF+/0ooI7KrPuUSztUdU5A==,
      }
    engines: { node: '>=8' }

  tinyglobby@0.2.17:
    resolution:
      {
        integrity: sha512-wXR/dYpcqKmfWpEdZjiKJOwCNFndD0DMnrW/cYjVGttEkBfVgcLFHoNrlj47mjOVic9yyNu65alsgF4NQyTa2g==,
      }
    engines: { node: '>=12.0.0' }

  to-regex-range@5.0.1:
    resolution:
      {
        integrity: sha512-65P7iz6X5yEr1cwcgvQxbbIw7Uk3gOy5dIdtZ4rDveLqhrdJP+Li/Hx6tyK0NEb+2GCyneCMJiGqrADCSNk8sQ==,
      }
    engines: { node: '>=8.0' }

  ts-api-utils@2.5.0:
    resolution:
      {
        integrity: sha512-OJ/ibxhPlqrMM0UiNHJ/0CKQkoKF243/AEmplt3qpRgkW8VG7IfOS41h7V8TjITqdByHzrjcS/2si+y4lIh8NA==,
      }
    engines: { node: '>=18.12' }
    peerDependencies:
      typescript: '>=4.8.4'

  tsconfck@3.1.6:
    resolution:
      {
        integrity: sha512-ks6Vjr/jEw0P1gmOVwutM3B7fWxoWBL2KRDb1JfqGVawBmO5UsvmWOQFGHBPl5yxYz4eERr19E6L7NMv+Fej4w==,
      }
    engines: { node: ^18 || >=20 }
    deprecated: unmaintained
    hasBin: true
    peerDependencies:
      typescript: ^5.0.0
    peerDependenciesMeta:
      typescript:
        optional: true

  typescript@5.9.3:
    resolution:
      {
        integrity: sha512-jl1vZzPDinLr9eUt3J/t7V6FgNEw9QjvBPdysz9KfQDD41fQrC2Y4vKQdiaUpFT4bXlb1RHhLpp8wtm6M5TgSw==,
      }
    engines: { node: '>=14.17' }
    hasBin: true

  unicorn-magic@0.3.0:
    resolution:
      {
        integrity: sha512-+QBBXBCvifc56fsbuxZQ6Sic3wqqc3WWaqxs58gvJrcOuN83HGTCwz3oS5phzU9LthRNE9VrJCFCLUgHeeFnfA==,
      }
    engines: { node: '>=18' }

  web-tree-sitter@0.26.10:
    resolution:
      {
        integrity: sha512-vengBGYS7FpAerkR3o04oBL4L8MkVmjawK50AFBu7v0HZBkmF9ZavPGKoXLSSmRhp7T/YgsJ7joAS3yAxHPEqQ==,
      }

  wrap-ansi@7.0.0:
    resolution:
      {
        integrity: sha512-YVGIj2kamLSTxw6NsZjoBxfSwsn0ycdesmc4p+Q21c5zPuZ1pl+NfxVdxPtdHvmNVOQ6XSYG4AUtyt/Fi7D16Q==,
      }
    engines: { node: '>=10' }

  y18n@5.0.8:
    resolution:
      {
        integrity: sha512-0pfFzegeDWJHJIAmTLRP2DwHjdF5s7jo9tuztdQxAhINCdvS+3nGINqPd00AphqJR/0LhANUS6/+7SCb98YOfA==,
      }
    engines: { node: '>=10' }

  yargs-parser@21.1.1:
    resolution:
      {
        integrity: sha512-tVpsJW7DdjecAiFpbIB1e3qxIQsE6NoPc5/eTdrbbIC4h0LVsWhnoa3g+m2HclBIujHzsxZ4VJVA+GUuc2/LBw==,
      }
    engines: { node: '>=12' }

  yargs@17.7.3:
    resolution:
      {
        integrity: sha512-GZtjxm/J/4TSxuL3FNYjCmLktBTnIw/rVmKSIyKeYAZpmJB2ig9VauCC5xsa82GNKVKDAqpOn3KVzNt0zmrU0g==,
      }
    engines: { node: '>=12' }

  zod-validation-error@3.5.4:
    resolution:
      {
        integrity: sha512-+hEiRIiPobgyuFlEojnqjJnhFvg4r/i3cqgcm67eehZf/WBaK3g6cD02YU9mtdVxZjv8CzCA9n/Rhrs3yAAvAw==,
      }
    engines: { node: '>=18.0.0' }
    peerDependencies:
      zod: ^3.24.4

  zod@3.25.76:
    resolution:
      {
        integrity: sha512-gzUt/qt81nXsFGKIFcC3YnfEAx5NkunCfnDlvuBSSFS02bcXu4Lmea0AFIUwbLWxWPx3d9p8S5QoaujKcNQxcQ==,
      }

snapshots:
  '@babel/code-frame@7.29.7':
    dependencies:
      '@babel/helper-validator-identifier': 7.29.7
      js-tokens: 4.0.0
      picocolors: 1.1.1

  '@babel/helper-string-parser@7.29.7': {}

  '@babel/helper-validator-identifier@7.29.7': {}

  '@babel/parser@7.29.7':
    dependencies:
      '@babel/types': 7.29.7

  '@babel/types@7.29.7':
    dependencies:
      '@babel/helper-string-parser': 7.29.7
      '@babel/helper-validator-identifier': 7.29.7

  '@clack/core@0.4.1':
    dependencies:
      picocolors: 1.1.1
      sisteransi: 1.0.5

  '@clack/prompts@0.9.1':
    dependencies:
      '@clack/core': 0.4.1
      picocolors: 1.1.1
      sisteransi: 1.0.5

  '@dependents/detective-less@5.0.3':
    dependencies:
      gonzales-pe: 4.3.0
      node-source-walk: 7.0.2

  '@feature-sliced/filesystem@3.1.0':
    dependencies:
      typescript: 5.9.3

  '@feature-sliced/steiger-plugin@0.5.8':
    dependencies:
      '@feature-sliced/filesystem': 3.1.0
      fastest-levenshtein: 1.0.16
      lodash-es: 4.18.1
      pluralize: 8.0.0
      precinct: 12.3.2
      tsconfck: 3.1.6
    transitivePeerDependencies:
      - supports-color
      - typescript

  '@feature-sliced/steiger-plugin@0.6.0':
    dependencies:
      '@feature-sliced/filesystem': 3.1.0
      fastest-levenshtein: 1.0.16
      lodash-es: 4.18.1
      pluralize: 8.0.0
      tsconfck: 3.1.6
      web-tree-sitter: 0.26.10
    transitivePeerDependencies:
      - typescript

  '@jridgewell/sourcemap-codec@1.5.5': {}

  '@nodelib/fs.scandir@2.1.5':
    dependencies:
      '@nodelib/fs.stat': 2.0.5
      run-parallel: 1.2.0

  '@nodelib/fs.stat@2.0.5': {}

  '@nodelib/fs.walk@1.2.8':
    dependencies:
      '@nodelib/fs.scandir': 2.1.5
      fastq: 1.20.1

  '@sindresorhus/merge-streams@2.3.0': {}

  '@typescript-eslint/project-service@8.62.0(typescript@5.9.3)':
    dependencies:
      '@typescript-eslint/tsconfig-utils': 8.62.0(typescript@5.9.3)
      '@typescript-eslint/types': 8.62.0
      debug: 4.4.3
      typescript: 5.9.3
    transitivePeerDependencies:
      - supports-color

  '@typescript-eslint/tsconfig-utils@8.62.0(typescript@5.9.3)':
    dependencies:
      typescript: 5.9.3

  '@typescript-eslint/types@8.62.0': {}

  '@typescript-eslint/typescript-estree@8.62.0(typescript@5.9.3)':
    dependencies:
      '@typescript-eslint/project-service': 8.62.0(typescript@5.9.3)
      '@typescript-eslint/tsconfig-utils': 8.62.0(typescript@5.9.3)
      '@typescript-eslint/types': 8.62.0
      '@typescript-eslint/visitor-keys': 8.62.0
      debug: 4.4.3
      minimatch: 10.2.5
      semver: 7.8.5
      tinyglobby: 0.2.17
      ts-api-utils: 2.5.0(typescript@5.9.3)
      typescript: 5.9.3
    transitivePeerDependencies:
      - supports-color

  '@typescript-eslint/visitor-keys@8.62.0':
    dependencies:
      '@typescript-eslint/types': 8.62.0
      eslint-visitor-keys: 5.0.1

  '@vue/compiler-core@3.5.39':
    dependencies:
      '@babel/parser': 7.29.7
      '@vue/shared': 3.5.39
      entities: 7.0.1
      estree-walker: 2.0.2
      source-map-js: 1.2.1

  '@vue/compiler-dom@3.5.39':
    dependencies:
      '@vue/compiler-core': 3.5.39
      '@vue/shared': 3.5.39

  '@vue/compiler-sfc@3.5.39':
    dependencies:
      '@babel/parser': 7.29.7
      '@vue/compiler-core': 3.5.39
      '@vue/compiler-dom': 3.5.39
      '@vue/compiler-ssr': 3.5.39
      '@vue/shared': 3.5.39
      estree-walker: 2.0.2
      magic-string: 0.30.21
      postcss: 8.5.16
      source-map-js: 1.2.1

  '@vue/compiler-ssr@3.5.39':
    dependencies:
      '@vue/compiler-dom': 3.5.39
      '@vue/shared': 3.5.39

  '@vue/shared@3.5.39': {}

  ansi-regex@5.0.1: {}

  ansi-styles@4.3.0:
    dependencies:
      color-convert: 2.0.1

  argparse@2.0.1: {}

  ast-module-types@6.0.2: {}

  balanced-match@4.0.4: {}

  brace-expansion@5.0.6:
    dependencies:
      balanced-match: 4.0.4

  braces@3.0.3:
    dependencies:
      fill-range: 7.1.1

  callsites@3.1.0: {}

  chokidar@4.0.3:
    dependencies:
      readdirp: 4.1.2

  cliui@8.0.1:
    dependencies:
      string-width: 4.2.3
      strip-ansi: 6.0.1
      wrap-ansi: 7.0.0

  color-convert@2.0.1:
    dependencies:
      color-name: 1.1.4

  color-name@1.1.4: {}

  commander@12.1.0: {}

  cosmiconfig@9.0.2:
    dependencies:
      env-paths: 2.2.1
      import-fresh: 3.3.1
      js-yaml: 4.3.0
      parse-json: 5.2.0

  debug@4.4.3:
    dependencies:
      ms: 2.1.3

  detective-amd@6.1.0:
    dependencies:
      ast-module-types: 6.0.2
      escodegen: 2.1.0
      get-amd-module-type: 6.0.2
      node-source-walk: 7.0.2

  detective-cjs@6.1.1:
    dependencies:
      ast-module-types: 6.0.2
      node-source-walk: 7.0.2

  detective-es6@5.0.2:
    dependencies:
      node-source-walk: 7.0.2

  detective-postcss@8.0.4(postcss@8.5.16):
    dependencies:
      is-url-superb: 4.0.0
      postcss: 8.5.16
      postcss-values-parser: 6.0.2(postcss@8.5.16)

  detective-sass@6.0.2:
    dependencies:
      gonzales-pe: 4.3.0
      node-source-walk: 7.0.2

  detective-scss@5.0.2:
    dependencies:
      gonzales-pe: 4.3.0
      node-source-walk: 7.0.2

  detective-stylus@5.0.1: {}

  detective-typescript@14.1.2(typescript@5.9.3):
    dependencies:
      '@typescript-eslint/typescript-estree': 8.62.0(typescript@5.9.3)
      ast-module-types: 6.0.2
      node-source-walk: 7.0.2
      typescript: 5.9.3
    transitivePeerDependencies:
      - supports-color

  detective-vue2@2.3.0(typescript@5.9.3):
    dependencies:
      '@dependents/detective-less': 5.0.3
      '@vue/compiler-sfc': 3.5.39
      detective-es6: 5.0.2
      detective-sass: 6.0.2
      detective-scss: 5.0.2
      detective-stylus: 5.0.1
      detective-typescript: 14.1.2(typescript@5.9.3)
      typescript: 5.9.3
    transitivePeerDependencies:
      - supports-color

  effector@23.4.4: {}

  emoji-regex@8.0.0: {}

  empathic@1.1.0: {}

  entities@7.0.1: {}

  env-paths@2.2.1: {}

  error-ex@1.3.4:
    dependencies:
      is-arrayish: 0.2.1

  escalade@3.2.0: {}

  escodegen@2.1.0:
    dependencies:
      esprima: 4.0.1
      estraverse: 5.3.0
      esutils: 2.0.3
    optionalDependencies:
      source-map: 0.6.1

  eslint-visitor-keys@5.0.1: {}

  esprima@4.0.1: {}

  estraverse@5.3.0: {}

  estree-walker@2.0.2: {}

  esutils@2.0.3: {}

  fast-glob@3.3.3:
    dependencies:
      '@nodelib/fs.stat': 2.0.5
      '@nodelib/fs.walk': 1.2.8
      glob-parent: 5.1.2
      merge2: 1.4.1
      micromatch: 4.0.8

  fastest-levenshtein@1.0.16: {}

  fastq@1.20.1:
    dependencies:
      reusify: 1.1.0

  fdir@6.5.0(picomatch@4.0.4):
    dependencies:
      picomatch: 4.0.4

  fill-range@7.1.1:
    dependencies:
      to-regex-range: 5.0.1

  get-amd-module-type@6.0.2:
    dependencies:
      ast-module-types: 6.0.2
      node-source-walk: 7.0.2

  get-caller-file@2.0.5: {}

  glob-parent@5.1.2:
    dependencies:
      is-glob: 4.0.3

  globby@14.1.0:
    dependencies:
      '@sindresorhus/merge-streams': 2.3.0
      fast-glob: 3.3.3
      ignore: 7.0.5
      path-type: 6.0.0
      slash: 5.1.0
      unicorn-magic: 0.3.0

  gonzales-pe@4.3.0:
    dependencies:
      minimist: 1.2.8

  ignore@7.0.5: {}

  immer@10.2.0: {}

  import-fresh@3.3.1:
    dependencies:
      parent-module: 1.0.1
      resolve-from: 4.0.0

  is-arrayish@0.2.1: {}

  is-extglob@2.1.1: {}

  is-fullwidth-code-point@3.0.0: {}

  is-glob@4.0.3:
    dependencies:
      is-extglob: 2.1.1

  is-number@7.0.0: {}

  is-url-superb@4.0.0: {}

  js-tokens@4.0.0: {}

  js-yaml@4.3.0:
    dependencies:
      argparse: 2.0.1

  json-parse-even-better-errors@2.3.1: {}

  lines-and-columns@1.2.4: {}

  lodash-es@4.18.1: {}

  magic-string@0.30.21:
    dependencies:
      '@jridgewell/sourcemap-codec': 1.5.5

  merge2@1.4.1: {}

  micromatch@4.0.8:
    dependencies:
      braces: 3.0.3
      picomatch: 2.3.2

  minimatch@10.2.5:
    dependencies:
      brace-expansion: 5.0.6

  minimist@1.2.8: {}

  module-definition@6.0.2:
    dependencies:
      ast-module-types: 6.0.2
      node-source-walk: 7.0.2

  ms@2.1.3: {}

  nanoid@3.3.15: {}

  node-source-walk@7.0.2:
    dependencies:
      '@babel/parser': 7.29.7

  parent-module@1.0.1:
    dependencies:
      callsites: 3.1.0

  parse-json@5.2.0:
    dependencies:
      '@babel/code-frame': 7.29.7
      error-ex: 1.3.4
      json-parse-even-better-errors: 2.3.1
      lines-and-columns: 1.2.4

  path-type@6.0.0: {}

  patronum@2.3.0(effector@23.4.4):
    dependencies:
      effector: 23.4.4

  picocolors@1.1.1: {}

  picomatch@2.3.2: {}

  picomatch@4.0.4: {}

  pluralize@8.0.0: {}

  postcss-values-parser@6.0.2(postcss@8.5.16):
    dependencies:
      color-name: 1.1.4
      is-url-superb: 4.0.0
      postcss: 8.5.16
      quote-unquote: 1.0.0

  postcss@8.5.16:
    dependencies:
      nanoid: 3.3.15
      picocolors: 1.1.1
      source-map-js: 1.2.1

  precinct@12.3.2:
    dependencies:
      '@dependents/detective-less': 5.0.3
      commander: 12.1.0
      detective-amd: 6.1.0
      detective-cjs: 6.1.1
      detective-es6: 5.0.2
      detective-postcss: 8.0.4(postcss@8.5.16)
      detective-sass: 6.0.2
      detective-scss: 5.0.2
      detective-stylus: 5.0.1
      detective-typescript: 14.1.2(typescript@5.9.3)
      detective-vue2: 2.3.0(typescript@5.9.3)
      module-definition: 6.0.2
      node-source-walk: 7.0.2
      postcss: 8.5.16
      typescript: 5.9.3
    transitivePeerDependencies:
      - supports-color

  prexit@2.3.0: {}

  queue-microtask@1.2.3: {}

  quote-unquote@1.0.0: {}

  readdirp@4.1.2: {}

  require-directory@2.1.1: {}

  resolve-from@4.0.0: {}

  reusify@1.1.0: {}

  run-parallel@1.2.0:
    dependencies:
      queue-microtask: 1.2.3

  semver@7.8.5: {}

  sisteransi@1.0.5: {}

  slash@5.1.0: {}

  source-map-js@1.2.1: {}

  source-map@0.6.1:
    optional: true

  steiger@0.5.13:
    dependencies:
      '@clack/prompts': 0.9.1
      '@feature-sliced/steiger-plugin': 0.6.0
      chokidar: 4.0.3
      cosmiconfig: 9.0.2
      effector: 23.4.4
      empathic: 1.1.0
      fastest-levenshtein: 1.0.16
      globby: 14.1.0
      immer: 10.2.0
      lodash-es: 4.18.1
      micromatch: 4.0.8
      patronum: 2.3.0(effector@23.4.4)
      picocolors: 1.1.1
      prexit: 2.3.0
      yargs: 17.7.3
      zod: 3.25.76
      zod-validation-error: 3.5.4(zod@3.25.76)
    transitivePeerDependencies:
      - typescript

  string-width@4.2.3:
    dependencies:
      emoji-regex: 8.0.0
      is-fullwidth-code-point: 3.0.0
      strip-ansi: 6.0.1

  strip-ansi@6.0.1:
    dependencies:
      ansi-regex: 5.0.1

  tinyglobby@0.2.17:
    dependencies:
      fdir: 6.5.0(picomatch@4.0.4)
      picomatch: 4.0.4

  to-regex-range@5.0.1:
    dependencies:
      is-number: 7.0.0

  ts-api-utils@2.5.0(typescript@5.9.3):
    dependencies:
      typescript: 5.9.3

  tsconfck@3.1.6: {}

  typescript@5.9.3: {}

  unicorn-magic@0.3.0: {}

  web-tree-sitter@0.26.10: {}

  wrap-ansi@7.0.0:
    dependencies:
      ansi-styles: 4.3.0
      string-width: 4.2.3
      strip-ansi: 6.0.1

  y18n@5.0.8: {}

  yargs-parser@21.1.1: {}

  yargs@17.7.3:
    dependencies:
      cliui: 8.0.1
      escalade: 3.2.0
      get-caller-file: 2.0.5
      require-directory: 2.1.1
      string-width: 4.2.3
      y18n: 5.0.8
      yargs-parser: 21.1.1

  zod-validation-error@3.5.4(zod@3.25.76):
    dependencies:
      zod: 3.25.76

  zod@3.25.76: {}
